// !$*UTF8*$!
{
	archiveVersion = 1;
	classes = {
	};
	objectVersion = 48;
	objects = {

/* Begin PBXBuildFile section */
		E5654523205376E800F63F7F /* main.c in Sources */ = {isa = PBXBuildFile; fileRef = E5654522205376E800F63F7F /* main.c */; };
		E565452B2054481C00F63F7F /* example.txt in CopyFiles */ = {isa = PBXBuildFile; fileRef = E565452A205433E500F63F7F /* example.txt */; };
		E5C91121205462BB0097234B /* example3.txt in CopyFiles */ = {isa = PBXBuildFile; fileRef = E5C9111D205462BB0097234B /* example3.txt */; };
		E5C91122205462BB0097234B /* example5.txt in CopyFiles */ = {isa = PBXBuildFile; fileRef = E5C9111E205462BB0097234B /* example5.txt */; };
		E5C91123205462BB0097234B /* example4.txt in CopyFiles */ = {isa = PBXBuildFile; fileRef = E5C9111F205462BB0097234B /* example4.txt */; };
		E5C91124205462BB0097234B /* example2.txt in CopyFiles */ = {isa = PBXBuildFile; fileRef = E5C91120205462BB0097234B /* example2.txt */; };
		E5C9112620548A190097234B /* gulpfile.js in CopyFiles */ = {isa = PBXBuildFile; fileRef = E5C9112520548A190097234B /* gulpfile.js */; };
		E5C911282054A4260097234B /* Optipmal.html in CopyFiles */ = {isa = PBXBuildFile; fileRef = E5C911272054A4250097234B /* Optipmal.html */; };
/* End PBXBuildFile section */

/* Begin PBXCopyFilesBuildPhase section */
		E565451D205376E800F63F7F /* CopyFiles */ = {
			isa = PBXCopyFilesBuildPhase;
			buildActionMask = 12;
			dstPath = "";
			dstSubfolderSpec = 16;
			files = (
				E5C911282054A4260097234B /* Optipmal.html in CopyFiles */,
				E5C9112620548A190097234B /* gulpfile.js in CopyFiles */,
				E5C91121205462BB0097234B /* example3.txt in CopyFiles */,
				E5C91122205462BB0097234B /* example5.txt in CopyFiles */,
				E5C91123205462BB0097234B /* example4.txt in CopyFiles */,
				E5C91124205462BB0097234B /* example2.txt in CopyFiles */,
				E565452B2054481C00F63F7F /* example.txt in CopyFiles */,
			);
			runOnlyForDeploymentPostprocessing = 0;
		};
/* End PBXCopyFilesBuildPhase section */

/* Begin PBXFileReference section */
		E565451F205376E800F63F7F /* FTPServer */ = {isa = PBXFileReference; explicitFileType = "compiled.mach-o.executable"; includeInIndex = 0; path = FTPServer; sourceTree = BUILT_PRODUCTS_DIR; };
		E5654522205376E800F63F7F /* main.c */ = {isa = PBXFileReference; lastKnownFileType = sourcecode.c.c; path = main.c; sourceTree = "<group>"; };
		E565452920542BD100F63F7F /* Header.h */ = {isa = PBXFileReference; lastKnownFileType = sourcecode.c.h; path = Header.h; sourceTree = "<group>"; };
		E565452A205433E500F63F7F /* example.txt */ = {isa = PBXFileReference; fileEncoding = 4; lastKnownFileType = text; path = example.txt; sourceTree = "<group>"; };
		E5C9111D205462BB0097234B /* example3.txt */ = {isa = PBXFileReference; lastKnownFileType = text; path = example3.txt; sourceTree = "<group>"; };
		E5C9111E205462BB0097234B /* example5.txt */ = {isa = PBXFileReference; lastKnownFileType = text; path = example5.txt; sourceTree = "<group>"; };
		E5C9111F205462BB0097234B /* example4.txt */ = {isa = PBXFileReference; lastKnownFileType = text; path = example4.txt; sourceTree = "<group>"; };
		E5C91120205462BB0097234B /* example2.txt */ = {isa = PBXFileReference; lastKnownFileType = text; path = example2.txt; sourceTree = "<group>"; };
		E5C9112520548A190097234B /* gulpfile.js */ = {isa = PBXFileReference; lastKnownFileType = sourcecode.javascript; path = gulpfile.js; sourceTree = "<group>"; };
		E5C911272054A4250097234B /* Optipmal.html */ = {isa = PBXFileReference; lastKnownFileType = text.html; path = Optipmal.html; sourceTree = "<group>"; };
/* End PBXFileReference section */

/* Begin PBXFrameworksBuildPhase section */
		E565451C205376E800F63F7F /* Frameworks */ = {
			isa = PBXFrameworksBuildPhase;
			buildActionMask = 2147483647;
			files = (
			);
			runOnlyForDeploymentPostprocessing = 0;
		};
/* End PBXFrameworksBuildPhase section */

/* Begin PBXGroup section */
		E5654516205376E800F63F7F = {
			isa = PBXGroup;
			children = (
				E5654521205376E800F63F7F /* FTPServer */,
				E5654520205376E800F63F7F /* Products */,
				E5C91120205462BB0097234B /* example2.txt */,
				E5C9111D205462BB0097234B /* example3.txt */,
				E5C9111F205462BB0097234B /* example4.txt */,
				E5C9111E205462BB0097234B /* example5.txt */,
				E565452A205433E500F63F7F /* example.txt */,
				E5C9112520548A190097234B /* gulpfile.js */,
				E5C911272054A4250097234B /* Optipmal.html */,
			);
			sourceTree = "<group>";
		};
		E5654520205376E800F63F7F /* Products */ = {
			isa = PBXGroup;
			children = (
				E565451F205376E800F63F7F /* FTPServer */,
			);
			name = Products;
			sourceTree = "<group>";
		};
		E5654521205376E800F63F7F /* FTPServer */ = {
			isa = PBXGroup;
			children = (
				E5654522205376E800F63F7F /* main.c */,
				E565452920542BD100F63F7F /* Header.h */,
			);
			path = FTPServer;
			sourceTree = "<group>";
		};
/* End PBXGroup section */

/* Begin PBXNativeTarget section */
		E565451E205376E800F63F7F /* FTPServer */ = {
			isa = PBXNativeTarget;
			buildConfigurationList = E5654526205376E800F63F7F /* Build configuration list for PBXNativeTarget "FTPServer" */;
			buildPhases = (
				E565451B205376E800F63F7F /* Sources */,
				E565451C205376E800F63F7F /* Frameworks */,
				E565451D205376E800F63F7F /* CopyFiles */,
			);
			buildRules = (
			);
			dependencies = (
			);
			name = FTPServer;
			productName = FTPServer;
			productReference = E565451F205376E800F63F7F /* FTPServer */;
			productType = "com.apple.product-type.tool";
		};
/* End PBXNativeTarget section */

/* Begin PBXProject section */
		E5654517205376E800F63F7F /* Project object */ = {
			isa = PBXProject;
			attributes = {
				LastUpgradeCheck = 0920;
				ORGANIZATIONNAME = "Dring, Brandon";
				TargetAttributes = {
					E565451E205376E800F63F7F = {
						CreatedOnToolsVersion = 9.2;
						ProvisioningStyle = Automatic;
					};
				};
			};
			buildConfigurationList = E565451A205376E800F63F7F /* Build configuration list for PBXProject "FTPServer" */;
			compatibilityVersion = "Xcode 8.0";
			developmentRegion = en;
			hasScannedForEncodings = 0;
			knownRegions = (
				en,
			);
			mainGroup = E5654516205376E800F63F7F;
			productRefGroup = E5654520205376E800F63F7F /* Products */;
			projectDirPath = "";
			projectRoot = "";
			targets = (
				E565451E205376E800F63F7F /* FTPServer */,
			);
		};
/* End PBXProject section */

/* Begin PBXSourcesBuildPhase section */
		E565451B205376E800F63F7F /* Sources */ = {
			isa = PBXSourcesBuildPhase;
			buildActionMask = 2147483647;
			files = (
				E5654523205376E800F63F7F /* main.c in Sources */,
			);
			runOnlyForDeploymentPostprocessing = 0;
		};
/* End PBXSourcesBuildPhase section */

/* Begin XCBuildConfiguration section */
		E5654524205376E800F63F7F /* Debug */ = {
			isa = XCBuildConfiguration;
			buildSettings = {
				ALWAYS_SEARCH_USER_PATHS = NO;
				CLANG_ANALYZER_NONNULL = YES;
				CLANG_ANALYZER_NUMBER_OBJECT_CONVERSION = YES_AGGRESSIVE;
				CLANG_CXX_LANGUAGE_STANDARD = "gnu++14";
				CLANG_CXX_LIBRARY = "libc++";
				CLANG_ENABLE_MODULES = YES;
				CLANG_ENABLE_OBJC_ARC = YES;
				CLANG_WARN_BLOCK_CAPTURE_AUTORELEASING = YES;
				CLANG_WARN_BOOL_CONVERSION = YES;
				CLANG_WARN_COMMA = YES;
				CLANG_WARN_CONSTANT_CONVERSION = YES;
				CLANG_WARN_DIRECT_OBJC_ISA_USAGE = YES_ERROR;
				CLANG_WARN_DOCUMENTATION_COMMENTS = YES;
				CLANG_WARN_EMPTY_BODY = YES;
				CLANG_WARN_ENUM_CONVERSION = YES;
				CLANG_WARN_INFINITE_RECURSION = YES;
				CLANG_WARN_INT_CONVERSION = YES;
				CLANG_WARN_NON_LITERAL_NULL_CONVERSION = YES;
				CLANG_WARN_OBJC_LITERAL_CONVERSION = YES;
				CLANG_WARN_OBJC_ROOT_CLASS = YES_ERROR;
				CLANG_WARN_RANGE_LOOP_ANALYSIS = YES;
				CLANG_WARN_STRICT_PROTOTYPES = YES;
				CLANG_WARN_SUSPICIOUS_MOVE = YES;
				CLANG_WARN_UNGUARDED_AVAILABILITY = YES_AGGRESSIVE;
				CLANG_WARN_UNREACHABLE_CODE = YES;
				CLANG_WARN__DUPLICATE_METHOD_MATCH = YES;
				CODE_SIGN_IDENTITY = "Mac Developer";
				COPY_PHASE_STRIP = NO;
				DEBUG_INFORMATION_FORMAT = dwarf;
				ENABLE_STRICT_OBJC_MSGSEND = YES;
				ENABLE_TESTABILITY = YES;
				GCC_C_LANGUAGE_STANDARD = c99;
				GCC_DYNAMIC_NO_PIC = NO;
				GCC_NO_COMMON_BLOCKS = YES;
				GCC_OPTIMIZATION_LEVEL = 0;
				GCC_PREPROCESSOR_DEFINITIONS = (
					"DEBUG=1",
					"$(inherited)",
				);
				GCC_WARN_64_TO_32_BIT_CONVERSION = YES;
				GCC_WARN_ABOUT_RETURN_TYPE = YES_ERROR;
				GCC_WARN_UNDECLARED_SELECTOR = YES;
				GCC_WARN_UNINITIALIZED_AUTOS = YES_AGGRESSIVE;
				GCC_WARN_UNUSED_FUNCTION = YES;
				GCC_WARN_UNUSED_VARIABLE = YES;
				MACOSX_DEPLOYMENT_TARGET = 10.13;
				MTL_ENABLE_DEBUG_INFO = YES;
				ONLY_ACTIVE_ARCH = YES;
				SDKROOT = macosx;
			};
			name = Debug;
		};
		E5654525205376E800F63F7F /* Release */ = {
			isa = XCBuildConfiguration;
			buildSettings = {
				ALWAYS_SEARCH_USER_PATHS = NO;
				CLANG_ANALYZER_NONNULL = YES;
				CLANG_ANALYZER_NUMBER_OBJECT_CONVERSION = YES_AGGRESSIVE;
				CLANG_CXX_LANGUAGE_STANDARD = "gnu++14";
				CLANG_CXX_LIBRARY = "libc++";
				CLANG_ENABLE_MODULES = YES;
				CLANG_ENABLE_OBJC_ARC = YES;
				CLANG_WARN_BLOCK_CAPTURE_AUTORELEASING = YES;
				CLANG_WARN_BOOL_CONVERSION = YES;
				CLANG_WARN_COMMA = YES;
				CLANG_WARN_CONSTANT_CONVERSION = YES;
				CLANG_WARN_DIRECT_OBJC_ISA_USAGE = YES_ERROR;
				CLANG_WARN_DOCUMENTATION_COMMENTS = YES;
				CLANG_WARN_EMPTY_BODY = YES;
				CLANG_WARN_ENUM_CONVERSION = YES;
				CLANG_WARN_INFINITE_RECURSION = YES;
				CLANG_WARN_INT_CONVERSION = YES;
				CLANG_WARN_NON_LITERAL_NULL_CONVERSION = YES;
				CLANG_WARN_OBJC_LITERAL_CONVERSION = YES;
				CLANG_WARN_OBJC_ROOT_CLASS = YES_ERROR;
				CLANG_WARN_RANGE_LOOP_ANALYSIS = YES;
				CLANG_WARN_STRICT_PROTOTYPES = YES;
				CLANG_WARN_SUSPICIOUS_MOVE = YES;
				CLANG_WARN_UNGUARDED_AVAILABILITY = YES_AGGRESSIVE;
				CLANG_WARN_UNREACHABLE_CODE = YES;
				CLANG_WARN__DUPLICATE_METHOD_MATCH = YES;
				CODE_SIGN_IDENTITY = "Mac Developer";
				COPY_PHASE_STRIP = NO;
				DEBUG_INFORMATION_FORMAT = "dwarf-with-dsym";
				ENABLE_NS_ASSERTIONS = NO;
				ENABLE_STRICT_OBJC_MSGSEND = YES;
				GCC_C_LANGUAGE_STANDARD = c99;
				GCC_NO_COMMON_BLOCKS = YES;
				GCC_WARN_64_TO_32_BIT_CONVERSION = YES;
				GCC_WARN_ABOUT_RETURN_TYPE = YES_ERROR;
				GCC_WARN_UNDECLARED_SELECTOR = YES;
				GCC_WARN_UNINITIALIZED_AUTOS = YES_AGGRESSIVE;
				GCC_WARN_UNUSED_FUNCTION = YES;
				GCC_WARN_UNUSED_VARIABLE = YES;
				MACOSX_DEPLOYMENT_TARGET = 10.13;
				MTL_ENABLE_DEBUG_INFO = NO;
				SDKROOT = macosx;
			};
			name = Release;
		};
		E5654527205376E800F63F7F /* Debug */ = {
			isa = XCBuildConfiguration;
			buildSettings = {
				CODE_SIGN_STYLE = Automatic;
				DEVELOPMENT_TEAM = FVWJ634K8M;
				PRODUCT_NAME = "$(TARGET_NAME)";
			};
			name = Debug;
		};
		E5654528205376E800F63F7F /* Release */ = {
			isa = XCBuildConfiguration;
			buildSettings = {
				CODE_SIGN_STYLE = Automatic;
				DEVELOPMENT_TEAM = FVWJ634K8M;
				PRODUCT_NAME = "$(TARGET_NAME)";
			};
			name = Release;
		};
/* End XCBuildConfiguration section */

/* Begin XCConfigurationList section */
		E565451A205376E800F63F7F /* Build configuration list for PBXProject "FTPServer" */ = {
			isa = XCConfigurationList;
			buildConfigurations = (
				E5654524205376E800F63F7F /* Debug */,
				E5654525205376E800F63F7F /* Release */,
			);
			defaultConfigurationIsVisible = 0;
			defaultConfigurationName = Release;
		};
		E5654526205376E800F63F7F /* Build configuration list for PBXNativeTarget "FTPServer" */ = {
			isa = XCConfigurationList;
			buildConfigurations = (
				E5654527205376E800F63F7F /* Debug */,
				E5654528205376E800F63F7F /* Release */,
			);
			defaultConfigurationIsVisible = 0;
			defaultConfigurationName = Release;
		};
/* End XCConfigurationList section */
	};
	rootObject = E5654517205376E800F63F7F /* Project object */;
}
